// !$*UTF8*$!
{
	archiveVersion = 1;
	classes = {
	};
	objectVersion = 50;
	objects = {

/* Begin PBXBuildFile section */
		610809D225E283BC007A96C7 /* BasketballMatch.swift in Sources */ = {isa = PBXBuildFile; fileRef = 610809D125E283BC007A96C7 /* BasketballMatch.swift */; };
		610809D525E28520007A96C7 /* BasketTeam.swift in Sources */ = {isa = PBXBuildFile; fileRef = 610809D425E28520007A96C7 /* BasketTeam.swift */; };
		610809D825E285C3007A96C7 /* BasketTeamFactory.swift in Sources */ = {isa = PBXBuildFile; fileRef = 610809D725E285C3007A96C7 /* BasketTeamFactory.swift */; };
		610809DB25E286F1007A96C7 /* BasketScore.swift in Sources */ = {isa = PBXBuildFile; fileRef = 610809DA25E286F1007A96C7 /* BasketScore.swift */; };
		610809DE25E2887F007A96C7 /* BasketScoreFactory.swift in Sources */ = {isa = PBXBuildFile; fileRef = 610809DD25E2887F007A96C7 /* BasketScoreFactory.swift */; };
		610809E125E289E5007A96C7 /* BasketCountry.swift in Sources */ = {isa = PBXBuildFile; fileRef = 610809E025E289E5007A96C7 /* BasketCountry.swift */; };
		610809E425E28A97007A96C7 /* BasketCountryFactory.swift in Sources */ = {isa = PBXBuildFile; fileRef = 610809E325E28A97007A96C7 /* BasketCountryFactory.swift */; };
		610809E725E28C48007A96C7 /* BasketMatchFactory.swift in Sources */ = {isa = PBXBuildFile; fileRef = 610809E625E28C48007A96C7 /* BasketMatchFactory.swift */; };
		610809EA25E28F63007A96C7 /* BasketMatchStatusFactory.swift in Sources */ = {isa = PBXBuildFile; fileRef = 610809E925E28F63007A96C7 /* BasketMatchStatusFactory.swift */; };
		610809EE25E29219007A96C7 /* BasketMatchesViewController.swift in Sources */ = {isa = PBXBuildFile; fileRef = 610809EC25E29219007A96C7 /* BasketMatchesViewController.swift */; };
		610809EF25E29219007A96C7 /* BasketMatchesViewController.xib in Resources */ = {isa = PBXBuildFile; fileRef = 610809ED25E29219007A96C7 /* BasketMatchesViewController.xib */; };
		610809F225E29C01007A96C7 /* BasketMatchService.swift in Sources */ = {isa = PBXBuildFile; fileRef = 610809F125E29C01007A96C7 /* BasketMatchService.swift */; };
		610809F925E2A13C007A96C7 /* Season.swift in Sources */ = {isa = PBXBuildFile; fileRef = 610809F825E2A13C007A96C7 /* Season.swift */; };
		614AD2A425D9D93E005A0DFC /* Team.swift in Sources */ = {isa = PBXBuildFile; fileRef = 614AD2A225D9D93E005A0DFC /* Team.swift */; };
		614AD2A525D9D93E005A0DFC /* Foot.swift in Sources */ = {isa = PBXBuildFile; fileRef = 614AD2A325D9D93E005A0DFC /* Foot.swift */; };
		614AD2A925D9D955005A0DFC /* MatchFactory.swift in Sources */ = {isa = PBXBuildFile; fileRef = 614AD2A725D9D955005A0DFC /* MatchFactory.swift */; };
		614AD2AA25D9D955005A0DFC /* FootService.swift in Sources */ = {isa = PBXBuildFile; fileRef = 614AD2A825D9D955005A0DFC /* FootService.swift */; };
		61B133E625DB158E0097F7B9 /* APIResponse.swift in Sources */ = {isa = PBXBuildFile; fileRef = 61B133E525DB158E0097F7B9 /* APIResponse.swift */; };
		61B133E925DB1AED0097F7B9 /* League.swift in Sources */ = {isa = PBXBuildFile; fileRef = 61B133E825DB1AED0097F7B9 /* League.swift */; };
		61B133EC25DB1D100097F7B9 /* LeagueService.swift in Sources */ = {isa = PBXBuildFile; fileRef = 61B133EB25DB1D100097F7B9 /* LeagueService.swift */; };
		61B133EF25DB1F4B0097F7B9 /* LeagueFactory.swift in Sources */ = {isa = PBXBuildFile; fileRef = 61B133EE25DB1F4B0097F7B9 /* LeagueFactory.swift */; };
		61B133F225DB1F7E0097F7B9 /* APIResponseFactory.swift in Sources */ = {isa = PBXBuildFile; fileRef = 61B133F125DB1F7E0097F7B9 /* APIResponseFactory.swift */; };
		61B133F525DB2C3F0097F7B9 /* ImageService.swift in Sources */ = {isa = PBXBuildFile; fileRef = 61B133F425DB2C3F0097F7B9 /* ImageService.swift */; };
		6428747425BF33B30097B32C /* ChooseSportViewController.swift in Sources */ = {isa = PBXBuildFile; fileRef = 6428747225BF33B30097B32C /* ChooseSportViewController.swift */; };
		6428747525BF33B30097B32C /* ChooseSportViewController.xib in Resources */ = {isa = PBXBuildFile; fileRef = 6428747325BF33B30097B32C /* ChooseSportViewController.xib */; };
		643937CB25BF323500B06CB4 /* HomeViewController.swift in Sources */ = {isa = PBXBuildFile; fileRef = 643937C925BF323500B06CB4 /* HomeViewController.swift */; };
		643937CC25BF323500B06CB4 /* HomeViewController.xib in Resources */ = {isa = PBXBuildFile; fileRef = 643937CA25BF323500B06CB4 /* HomeViewController.xib */; };
		647AC9D025D05D9D00710BB5 /* FootViewController.swift in Sources */ = {isa = PBXBuildFile; fileRef = 647AC9CE25D05D9D00710BB5 /* FootViewController.swift */; };
		647AC9D125D05D9D00710BB5 /* FootViewController.xib in Resources */ = {isa = PBXBuildFile; fileRef = 647AC9CF25D05D9D00710BB5 /* FootViewController.xib */; };
		647AC9D525D05DAE00710BB5 /* BasketViewController.swift in Sources */ = {isa = PBXBuildFile; fileRef = 647AC9D325D05DAE00710BB5 /* BasketViewController.swift */; };
		647AC9D625D05DAE00710BB5 /* BasketViewController.xib in Resources */ = {isa = PBXBuildFile; fileRef = 647AC9D425D05DAE00710BB5 /* BasketViewController.xib */; };
		647AC9DC25D060F200710BB5 /* Localizable.strings in Resources */ = {isa = PBXBuildFile; fileRef = 647AC9DE25D060F200710BB5 /* Localizable.strings */; };
		647AC9E425D0685700710BB5 /* FavoriteFootViewController.swift in Sources */ = {isa = PBXBuildFile; fileRef = 647AC9E225D0685700710BB5 /* FavoriteFootViewController.swift */; };
		647AC9E525D0685700710BB5 /* FavoriteFootViewController.xib in Resources */ = {isa = PBXBuildFile; fileRef = 647AC9E325D0685700710BB5 /* FavoriteFootViewController.xib */; };
		647AC9E925D0687F00710BB5 /* FavoriteBasketViewController.swift in Sources */ = {isa = PBXBuildFile; fileRef = 647AC9E725D0687F00710BB5 /* FavoriteBasketViewController.swift */; };
		647AC9EA25D0687F00710BB5 /* FavoriteBasketViewController.xib in Resources */ = {isa = PBXBuildFile; fileRef = 647AC9E825D0687F00710BB5 /* FavoriteBasketViewController.xib */; };
		64D149BC25BCA2BC00ACA836 /* AppDelegate.swift in Sources */ = {isa = PBXBuildFile; fileRef = 64D149BB25BCA2BC00ACA836 /* AppDelegate.swift */; };
		64D149C525BCA2BD00ACA836 /* Assets.xcassets in Resources */ = {isa = PBXBuildFile; fileRef = 64D149C425BCA2BD00ACA836 /* Assets.xcassets */; };
/* End PBXBuildFile section */

/* Begin PBXFileReference section */
		610809D125E283BC007A96C7 /* BasketballMatch.swift */ = {isa = PBXFileReference; lastKnownFileType = sourcecode.swift; path = BasketballMatch.swift; sourceTree = "<group>"; };
		610809D425E28520007A96C7 /* BasketTeam.swift */ = {isa = PBXFileReference; lastKnownFileType = sourcecode.swift; path = BasketTeam.swift; sourceTree = "<group>"; };
		610809D725E285C3007A96C7 /* BasketTeamFactory.swift */ = {isa = PBXFileReference; lastKnownFileType = sourcecode.swift; path = BasketTeamFactory.swift; sourceTree = "<group>"; };
		610809DA25E286F1007A96C7 /* BasketScore.swift */ = {isa = PBXFileReference; lastKnownFileType = sourcecode.swift; path = BasketScore.swift; sourceTree = "<group>"; };
		610809DD25E2887F007A96C7 /* BasketScoreFactory.swift */ = {isa = PBXFileReference; lastKnownFileType = sourcecode.swift; path = BasketScoreFactory.swift; sourceTree = "<group>"; };
		610809E025E289E5007A96C7 /* BasketCountry.swift */ = {isa = PBXFileReference; lastKnownFileType = sourcecode.swift; path = BasketCountry.swift; sourceTree = "<group>"; };
		610809E325E28A97007A96C7 /* BasketCountryFactory.swift */ = {isa = PBXFileReference; lastKnownFileType = sourcecode.swift; path = BasketCountryFactory.swift; sourceTree = "<group>"; };
		610809E625E28C48007A96C7 /* BasketMatchFactory.swift */ = {isa = PBXFileReference; lastKnownFileType = sourcecode.swift; path = BasketMatchFactory.swift; sourceTree = "<group>"; };
		610809E925E28F63007A96C7 /* BasketMatchStatusFactory.swift */ = {isa = PBXFileReference; lastKnownFileType = sourcecode.swift; path = BasketMatchStatusFactory.swift; sourceTree = "<group>"; };
		610809EC25E29219007A96C7 /* BasketMatchesViewController.swift */ = {isa = PBXFileReference; lastKnownFileType = sourcecode.swift; path = BasketMatchesViewController.swift; sourceTree = "<group>"; };
		610809ED25E29219007A96C7 /* BasketMatchesViewController.xib */ = {isa = PBXFileReference; lastKnownFileType = file.xib; path = BasketMatchesViewController.xib; sourceTree = "<group>"; };
		610809F125E29C01007A96C7 /* BasketMatchService.swift */ = {isa = PBXFileReference; lastKnownFileType = sourcecode.swift; path = BasketMatchService.swift; sourceTree = "<group>"; };
		610809F825E2A13C007A96C7 /* Season.swift */ = {isa = PBXFileReference; lastKnownFileType = sourcecode.swift; path = Season.swift; sourceTree = "<group>"; };
		614AD2A225D9D93E005A0DFC /* Team.swift */ = {isa = PBXFileReference; fileEncoding = 4; lastKnownFileType = sourcecode.swift; path = Team.swift; sourceTree = "<group>"; };
		614AD2A325D9D93E005A0DFC /* Foot.swift */ = {isa = PBXFileReference; fileEncoding = 4; lastKnownFileType = sourcecode.swift; path = Foot.swift; sourceTree = "<group>"; };
		614AD2A725D9D955005A0DFC /* MatchFactory.swift */ = {isa = PBXFileReference; fileEncoding = 4; lastKnownFileType = sourcecode.swift; path = MatchFactory.swift; sourceTree = "<group>"; };
		614AD2A825D9D955005A0DFC /* FootService.swift */ = {isa = PBXFileReference; fileEncoding = 4; lastKnownFileType = sourcecode.swift; path = FootService.swift; sourceTree = "<group>"; };
		61B133E525DB158E0097F7B9 /* APIResponse.swift */ = {isa = PBXFileReference; lastKnownFileType = sourcecode.swift; path = APIResponse.swift; sourceTree = "<group>"; };
		61B133E825DB1AED0097F7B9 /* League.swift */ = {isa = PBXFileReference; lastKnownFileType = sourcecode.swift; path = League.swift; sourceTree = "<group>"; };
		61B133EB25DB1D100097F7B9 /* LeagueService.swift */ = {isa = PBXFileReference; lastKnownFileType = sourcecode.swift; path = LeagueService.swift; sourceTree = "<group>"; };
		61B133EE25DB1F4B0097F7B9 /* LeagueFactory.swift */ = {isa = PBXFileReference; lastKnownFileType = sourcecode.swift; path = LeagueFactory.swift; sourceTree = "<group>"; };
		61B133F125DB1F7E0097F7B9 /* APIResponseFactory.swift */ = {isa = PBXFileReference; lastKnownFileType = sourcecode.swift; path = APIResponseFactory.swift; sourceTree = "<group>"; };
		61B133F425DB2C3F0097F7B9 /* ImageService.swift */ = {isa = PBXFileReference; lastKnownFileType = sourcecode.swift; path = ImageService.swift; sourceTree = "<group>"; };
		6428747225BF33B30097B32C /* ChooseSportViewController.swift */ = {isa = PBXFileReference; lastKnownFileType = sourcecode.swift; path = ChooseSportViewController.swift; sourceTree = "<group>"; };
		6428747325BF33B30097B32C /* ChooseSportViewController.xib */ = {isa = PBXFileReference; lastKnownFileType = file.xib; path = ChooseSportViewController.xib; sourceTree = "<group>"; };
		643937C925BF323500B06CB4 /* HomeViewController.swift */ = {isa = PBXFileReference; lastKnownFileType = sourcecode.swift; path = HomeViewController.swift; sourceTree = "<group>"; };
		643937CA25BF323500B06CB4 /* HomeViewController.xib */ = {isa = PBXFileReference; lastKnownFileType = file.xib; path = HomeViewController.xib; sourceTree = "<group>"; };
		647AC9CE25D05D9D00710BB5 /* FootViewController.swift */ = {isa = PBXFileReference; lastKnownFileType = sourcecode.swift; path = FootViewController.swift; sourceTree = "<group>"; };
		647AC9CF25D05D9D00710BB5 /* FootViewController.xib */ = {isa = PBXFileReference; lastKnownFileType = file.xib; path = FootViewController.xib; sourceTree = "<group>"; };
		647AC9D325D05DAE00710BB5 /* BasketViewController.swift */ = {isa = PBXFileReference; lastKnownFileType = sourcecode.swift; path = BasketViewController.swift; sourceTree = "<group>"; };
		647AC9D425D05DAE00710BB5 /* BasketViewController.xib */ = {isa = PBXFileReference; lastKnownFileType = file.xib; path = BasketViewController.xib; sourceTree = "<group>"; };
		647AC9DD25D060F200710BB5 /* en */ = {isa = PBXFileReference; lastKnownFileType = text.plist.strings; name = en; path = en.lproj/Localizable.strings; sourceTree = "<group>"; };
		647AC9E025D060F400710BB5 /* fr */ = {isa = PBXFileReference; lastKnownFileType = text.plist.strings; name = fr; path = fr.lproj/Localizable.strings; sourceTree = "<group>"; };
		647AC9E225D0685700710BB5 /* FavoriteFootViewController.swift */ = {isa = PBXFileReference; lastKnownFileType = sourcecode.swift; path = FavoriteFootViewController.swift; sourceTree = "<group>"; };
		647AC9E325D0685700710BB5 /* FavoriteFootViewController.xib */ = {isa = PBXFileReference; lastKnownFileType = file.xib; path = FavoriteFootViewController.xib; sourceTree = "<group>"; };
		647AC9E725D0687F00710BB5 /* FavoriteBasketViewController.swift */ = {isa = PBXFileReference; lastKnownFileType = sourcecode.swift; path = FavoriteBasketViewController.swift; sourceTree = "<group>"; };
		647AC9E825D0687F00710BB5 /* FavoriteBasketViewController.xib */ = {isa = PBXFileReference; lastKnownFileType = file.xib; path = FavoriteBasketViewController.xib; sourceTree = "<group>"; };
		64D149B825BCA2BC00ACA836 /* Project_IOS.app */ = {isa = PBXFileReference; explicitFileType = wrapper.application; includeInIndex = 0; path = Project_IOS.app; sourceTree = BUILT_PRODUCTS_DIR; };
		64D149BB25BCA2BC00ACA836 /* AppDelegate.swift */ = {isa = PBXFileReference; lastKnownFileType = sourcecode.swift; path = AppDelegate.swift; sourceTree = "<group>"; };
		64D149C425BCA2BD00ACA836 /* Assets.xcassets */ = {isa = PBXFileReference; lastKnownFileType = folder.assetcatalog; path = Assets.xcassets; sourceTree = "<group>"; };
		64D149C925BCA2BD00ACA836 /* Info.plist */ = {isa = PBXFileReference; lastKnownFileType = text.plist.xml; path = Info.plist; sourceTree = "<group>"; };
/* End PBXFileReference section */

/* Begin PBXFrameworksBuildPhase section */
		64D149B525BCA2BC00ACA836 /* Frameworks */ = {
			isa = PBXFrameworksBuildPhase;
			buildActionMask = 2147483647;
			files = (
			);
			runOnlyForDeploymentPostprocessing = 0;
		};
/* End PBXFrameworksBuildPhase section */

/* Begin PBXGroup section */
		643937C025BF30E500B06CB4 /* Scene */ = {
			isa = PBXGroup;
			children = (
				643937C925BF323500B06CB4 /* HomeViewController.swift */,
				643937CA25BF323500B06CB4 /* HomeViewController.xib */,
				6428747225BF33B30097B32C /* ChooseSportViewController.swift */,
				6428747325BF33B30097B32C /* ChooseSportViewController.xib */,
				647AC9CE25D05D9D00710BB5 /* FootViewController.swift */,
				647AC9CF25D05D9D00710BB5 /* FootViewController.xib */,
				647AC9D325D05DAE00710BB5 /* BasketViewController.swift */,
				647AC9D425D05DAE00710BB5 /* BasketViewController.xib */,
				647AC9E225D0685700710BB5 /* FavoriteFootViewController.swift */,
				647AC9E325D0685700710BB5 /* FavoriteFootViewController.xib */,
				647AC9E725D0687F00710BB5 /* FavoriteBasketViewController.swift */,
				647AC9E825D0687F00710BB5 /* FavoriteBasketViewController.xib */,
				610809EC25E29219007A96C7 /* BasketMatchesViewController.swift */,
				610809ED25E29219007A96C7 /* BasketMatchesViewController.xib */,
			);
			path = Scene;
			sourceTree = "<group>";
		};
		647AC9C325D0581B00710BB5 /* Service */ = {
			isa = PBXGroup;
			children = (
				614AD2A825D9D955005A0DFC /* FootService.swift */,
				614AD2A725D9D955005A0DFC /* MatchFactory.swift */,
				61B133EB25DB1D100097F7B9 /* LeagueService.swift */,
				61B133EE25DB1F4B0097F7B9 /* LeagueFactory.swift */,
				61B133F125DB1F7E0097F7B9 /* APIResponseFactory.swift */,
				61B133F425DB2C3F0097F7B9 /* ImageService.swift */,
				610809D725E285C3007A96C7 /* BasketTeamFactory.swift */,
				610809DD25E2887F007A96C7 /* BasketScoreFactory.swift */,
				610809E325E28A97007A96C7 /* BasketCountryFactory.swift */,
				610809E625E28C48007A96C7 /* BasketMatchFactory.swift */,
				610809E925E28F63007A96C7 /* BasketMatchStatusFactory.swift */,
				610809F125E29C01007A96C7 /* BasketMatchService.swift */,
			);
			path = Service;
			sourceTree = "<group>";
		};
		647AC9C425D0582200710BB5 /* Modele */ = {
			isa = PBXGroup;
			children = (
				614AD2A325D9D93E005A0DFC /* Foot.swift */,
				614AD2A225D9D93E005A0DFC /* Team.swift */,
				61B133E525DB158E0097F7B9 /* APIResponse.swift */,
				61B133E825DB1AED0097F7B9 /* League.swift */,
				610809D125E283BC007A96C7 /* BasketballMatch.swift */,
				610809D425E28520007A96C7 /* BasketTeam.swift */,
				610809DA25E286F1007A96C7 /* BasketScore.swift */,
				610809E025E289E5007A96C7 /* BasketCountry.swift */,
				610809F825E2A13C007A96C7 /* Season.swift */,
			);
			path = Modele;
			sourceTree = "<group>";
		};
		64D149AF25BCA2BC00ACA836 = {
			isa = PBXGroup;
			children = (
				64D149BA25BCA2BC00ACA836 /* Project_IOS */,
				64D149B925BCA2BC00ACA836 /* Products */,
			);
			sourceTree = "<group>";
		};
		64D149B925BCA2BC00ACA836 /* Products */ = {
			isa = PBXGroup;
			children = (
				64D149B825BCA2BC00ACA836 /* Project_IOS.app */,
			);
			name = Products;
			sourceTree = "<group>";
		};
		64D149BA25BCA2BC00ACA836 /* Project_IOS */ = {
			isa = PBXGroup;
			children = (
				647AC9C425D0582200710BB5 /* Modele */,
				647AC9C325D0581B00710BB5 /* Service */,
				643937C025BF30E500B06CB4 /* Scene */,
				64D149BB25BCA2BC00ACA836 /* AppDelegate.swift */,
				64D149C425BCA2BD00ACA836 /* Assets.xcassets */,
				64D149C925BCA2BD00ACA836 /* Info.plist */,
				647AC9DE25D060F200710BB5 /* Localizable.strings */,
			);
			path = Project_IOS;
			sourceTree = "<group>";
		};
/* End PBXGroup section */

/* Begin PBXNativeTarget section */
		64D149B725BCA2BC00ACA836 /* Project_IOS */ = {
			isa = PBXNativeTarget;
			buildConfigurationList = 64D149CC25BCA2BD00ACA836 /* Build configuration list for PBXNativeTarget "Project_IOS" */;
			buildPhases = (
				64D149B425BCA2BC00ACA836 /* Sources */,
				64D149B525BCA2BC00ACA836 /* Frameworks */,
				64D149B625BCA2BC00ACA836 /* Resources */,
			);
			buildRules = (
			);
			dependencies = (
			);
			name = Project_IOS;
			productName = Project_IOS;
			productReference = 64D149B825BCA2BC00ACA836 /* Project_IOS.app */;
			productType = "com.apple.product-type.application";
		};
/* End PBXNativeTarget section */

/* Begin PBXProject section */
		64D149B025BCA2BC00ACA836 /* Project object */ = {
			isa = PBXProject;
			attributes = {
				LastSwiftUpdateCheck = 1220;
				LastUpgradeCheck = 1220;
				TargetAttributes = {
					64D149B725BCA2BC00ACA836 = {
						CreatedOnToolsVersion = 12.2;
					};
				};
			};
			buildConfigurationList = 64D149B325BCA2BC00ACA836 /* Build configuration list for PBXProject "Project_IOS" */;
			compatibilityVersion = "Xcode 9.3";
			developmentRegion = en;
			hasScannedForEncodings = 0;
			knownRegions = (
				en,
				Base,
				fr,
			);
			mainGroup = 64D149AF25BCA2BC00ACA836;
			productRefGroup = 64D149B925BCA2BC00ACA836 /* Products */;
			projectDirPath = "";
			projectRoot = "";
			targets = (
				64D149B725BCA2BC00ACA836 /* Project_IOS */,
			);
		};
/* End PBXProject section */

/* Begin PBXResourcesBuildPhase section */
		64D149B625BCA2BC00ACA836 /* Resources */ = {
			isa = PBXResourcesBuildPhase;
			buildActionMask = 2147483647;
			files = (
				647AC9E525D0685700710BB5 /* FavoriteFootViewController.xib in Resources */,
				6428747525BF33B30097B32C /* ChooseSportViewController.xib in Resources */,
				610809EF25E29219007A96C7 /* BasketMatchesViewController.xib in Resources */,
				647AC9DC25D060F200710BB5 /* Localizable.strings in Resources */,
				64D149C525BCA2BD00ACA836 /* Assets.xcassets in Resources */,
				647AC9EA25D0687F00710BB5 /* FavoriteBasketViewController.xib in Resources */,
				647AC9D625D05DAE00710BB5 /* BasketViewController.xib in Resources */,
				647AC9D125D05D9D00710BB5 /* FootViewController.xib in Resources */,
				643937CC25BF323500B06CB4 /* HomeViewController.xib in Resources */,
			);
			runOnlyForDeploymentPostprocessing = 0;
		};
/* End PBXResourcesBuildPhase section */

/* Begin PBXSourcesBuildPhase section */
		64D149B425BCA2BC00ACA836 /* Sources */ = {
			isa = PBXSourcesBuildPhase;
			buildActionMask = 2147483647;
			files = (
				610809E725E28C48007A96C7 /* BasketMatchFactory.swift in Sources */,
				647AC9D525D05DAE00710BB5 /* BasketViewController.swift in Sources */,
				64D149BC25BCA2BC00ACA836 /* AppDelegate.swift in Sources */,
				614AD2A925D9D955005A0DFC /* MatchFactory.swift in Sources */,
				647AC9E425D0685700710BB5 /* FavoriteFootViewController.swift in Sources */,
				61B133F225DB1F7E0097F7B9 /* APIResponseFactory.swift in Sources */,
				61B133EC25DB1D100097F7B9 /* LeagueService.swift in Sources */,
				647AC9E925D0687F00710BB5 /* FavoriteBasketViewController.swift in Sources */,
				610809DB25E286F1007A96C7 /* BasketScore.swift in Sources */,
				610809EE25E29219007A96C7 /* BasketMatchesViewController.swift in Sources */,
				61B133E625DB158E0097F7B9 /* APIResponse.swift in Sources */,
				61B133E925DB1AED0097F7B9 /* League.swift in Sources */,
				610809D525E28520007A96C7 /* BasketTeam.swift in Sources */,
				614AD2A425D9D93E005A0DFC /* Team.swift in Sources */,
				610809D825E285C3007A96C7 /* BasketTeamFactory.swift in Sources */,
				610809DE25E2887F007A96C7 /* BasketScoreFactory.swift in Sources */,
				614AD2A525D9D93E005A0DFC /* Foot.swift in Sources */,
				610809E125E289E5007A96C7 /* BasketCountry.swift in Sources */,
				61B133EF25DB1F4B0097F7B9 /* LeagueFactory.swift in Sources */,
				614AD2AA25D9D955005A0DFC /* FootService.swift in Sources */,
				61B133F525DB2C3F0097F7B9 /* ImageService.swift in Sources */,
				610809EA25E28F63007A96C7 /* BasketMatchStatusFactory.swift in Sources */,
				610809E425E28A97007A96C7 /* BasketCountryFactory.swift in Sources */,
				610809F225E29C01007A96C7 /* BasketMatchService.swift in Sources */,
				610809D225E283BC007A96C7 /* BasketballMatch.swift in Sources */,
				6428747425BF33B30097B32C /* ChooseSportViewController.swift in Sources */,
				610809F925E2A13C007A96C7 /* Season.swift in Sources */,
				647AC9D025D05D9D00710BB5 /* FootViewController.swift in Sources */,
				643937CB25BF323500B06CB4 /* HomeViewController.swift in Sources */,
			);
			runOnlyForDeploymentPostprocessing = 0;
		};
/* End PBXSourcesBuildPhase section */

/* Begin PBXVariantGroup section */
		647AC9DE25D060F200710BB5 /* Localizable.strings */ = {
			isa = PBXVariantGroup;
			children = (
				647AC9DD25D060F200710BB5 /* en */,
				647AC9E025D060F400710BB5 /* fr */,
			);
			name = Localizable.strings;
			sourceTree = "<group>";
		};
/* End PBXVariantGroup section */

/* Begin XCBuildConfiguration section */
		64D149CA25BCA2BD00ACA836 /* Debug */ = {
			isa = XCBuildConfiguration;
			buildSettings = {
				ALWAYS_SEARCH_USER_PATHS = NO;
				CLANG_ANALYZER_NONNULL = YES;
				CLANG_ANALYZER_NUMBER_OBJECT_CONVERSION = YES_AGGRESSIVE;
				CLANG_CXX_LANGUAGE_STANDARD = "gnu++14";
				CLANG_CXX_LIBRARY = "libc++";
				CLANG_ENABLE_MODULES = YES;
				CLANG_ENABLE_OBJC_ARC = YES;
				CLANG_ENABLE_OBJC_WEAK = YES;
				CLANG_WARN_BLOCK_CAPTURE_AUTORELEASING = YES;
				CLANG_WARN_BOOL_CONVERSION = YES;
				CLANG_WARN_COMMA = YES;
				CLANG_WARN_CONSTANT_CONVERSION = YES;
				CLANG_WARN_DEPRECATED_OBJC_IMPLEMENTATIONS = YES;
				CLANG_WARN_DIRECT_OBJC_ISA_USAGE = YES_ERROR;
				CLANG_WARN_DOCUMENTATION_COMMENTS = YES;
				CLANG_WARN_EMPTY_BODY = YES;
				CLANG_WARN_ENUM_CONVERSION = YES;
				CLANG_WARN_INFINITE_RECURSION = YES;
				CLANG_WARN_INT_CONVERSION = YES;
				CLANG_WARN_NON_LITERAL_NULL_CONVERSION = YES;
				CLANG_WARN_OBJC_IMPLICIT_RETAIN_SELF = YES;
				CLANG_WARN_OBJC_LITERAL_CONVERSION = YES;
				CLANG_WARN_OBJC_ROOT_CLASS = YES_ERROR;
				CLANG_WARN_QUOTED_INCLUDE_IN_FRAMEWORK_HEADER = YES;
				CLANG_WARN_RANGE_LOOP_ANALYSIS = YES;
				CLANG_WARN_STRICT_PROTOTYPES = YES;
				CLANG_WARN_SUSPICIOUS_MOVE = YES;
				CLANG_WARN_UNGUARDED_AVAILABILITY = YES_AGGRESSIVE;
				CLANG_WARN_UNREACHABLE_CODE = YES;
				CLANG_WARN__DUPLICATE_METHOD_MATCH = YES;
				COPY_PHASE_STRIP = NO;
				DEBUG_INFORMATION_FORMAT = dwarf;
				ENABLE_STRICT_OBJC_MSGSEND = YES;
				ENABLE_TESTABILITY = YES;
				GCC_C_LANGUAGE_STANDARD = gnu11;
				GCC_DYNAMIC_NO_PIC = NO;
				GCC_NO_COMMON_BLOCKS = YES;
				GCC_OPTIMIZATION_LEVEL = 0;
				GCC_PREPROCESSOR_DEFINITIONS = (
					"DEBUG=1",
					"$(inherited)",
				);
				GCC_WARN_64_TO_32_BIT_CONVERSION = YES;
				GCC_WARN_ABOUT_RETURN_TYPE = YES_ERROR;
				GCC_WARN_UNDECLARED_SELECTOR = YES;
				GCC_WARN_UNINITIALIZED_AUTOS = YES_AGGRESSIVE;
				GCC_WARN_UNUSED_FUNCTION = YES;
				GCC_WARN_UNUSED_VARIABLE = YES;
				IPHONEOS_DEPLOYMENT_TARGET = 14.2;
				MTL_ENABLE_DEBUG_INFO = INCLUDE_SOURCE;
				MTL_FAST_MATH = YES;
				ONLY_ACTIVE_ARCH = YES;
				SDKROOT = iphoneos;
				SWIFT_ACTIVE_COMPILATION_CONDITIONS = DEBUG;
				SWIFT_OPTIMIZATION_LEVEL = "-Onone";
			};
			name = Debug;
		};
		64D149CB25BCA2BD00ACA836 /* Release */ = {
			isa = XCBuildConfiguration;
			buildSettings = {
				ALWAYS_SEARCH_USER_PATHS = NO;
				CLANG_ANALYZER_NONNULL = YES;
				CLANG_ANALYZER_NUMBER_OBJECT_CONVERSION = YES_AGGRESSIVE;
				CLANG_CXX_LANGUAGE_STANDARD = "gnu++14";
				CLANG_CXX_LIBRARY = "libc++";
				CLANG_ENABLE_MODULES = YES;
				CLANG_ENABLE_OBJC_ARC = YES;
				CLANG_ENABLE_OBJC_WEAK = YES;
				CLANG_WARN_BLOCK_CAPTURE_AUTORELEASING = YES;
				CLANG_WARN_BOOL_CONVERSION = YES;
				CLANG_WARN_COMMA = YES;
				CLANG_WARN_CONSTANT_CONVERSION = YES;
				CLANG_WARN_DEPRECATED_OBJC_IMPLEMENTATIONS = YES;
				CLANG_WARN_DIRECT_OBJC_ISA_USAGE = YES_ERROR;
				CLANG_WARN_DOCUMENTATION_COMMENTS = YES;
				CLANG_WARN_EMPTY_BODY = YES;
				CLANG_WARN_ENUM_CONVERSION = YES;
				CLANG_WARN_INFINITE_RECURSION = YES;
				CLANG_WARN_INT_CONVERSION = YES;
				CLANG_WARN_NON_LITERAL_NULL_CONVERSION = YES;
				CLANG_WARN_OBJC_IMPLICIT_RETAIN_SELF = YES;
				CLANG_WARN_OBJC_LITERAL_CONVERSION = YES;
				CLANG_WARN_OBJC_ROOT_CLASS = YES_ERROR;
				CLANG_WARN_QUOTED_INCLUDE_IN_FRAMEWORK_HEADER = YES;
				CLANG_WARN_RANGE_LOOP_ANALYSIS = YES;
				CLANG_WARN_STRICT_PROTOTYPES = YES;
				CLANG_WARN_SUSPICIOUS_MOVE = YES;
				CLANG_WARN_UNGUARDED_AVAILABILITY = YES_AGGRESSIVE;
				CLANG_WARN_UNREACHABLE_CODE = YES;
				CLANG_WARN__DUPLICATE_METHOD_MATCH = YES;
				COPY_PHASE_STRIP = NO;
				DEBUG_INFORMATION_FORMAT = "dwarf-with-dsym";
				ENABLE_NS_ASSERTIONS = NO;
				ENABLE_STRICT_OBJC_MSGSEND = YES;
				GCC_C_LANGUAGE_STANDARD = gnu11;
				GCC_NO_COMMON_BLOCKS = YES;
				GCC_WARN_64_TO_32_BIT_CONVERSION = YES;
				GCC_WARN_ABOUT_RETURN_TYPE = YES_ERROR;
				GCC_WARN_UNDECLARED_SELECTOR = YES;
				GCC_WARN_UNINITIALIZED_AUTOS = YES_AGGRESSIVE;
				GCC_WARN_UNUSED_FUNCTION = YES;
				GCC_WARN_UNUSED_VARIABLE = YES;
				IPHONEOS_DEPLOYMENT_TARGET = 14.2;
				MTL_ENABLE_DEBUG_INFO = NO;
				MTL_FAST_MATH = YES;
				SDKROOT = iphoneos;
				SWIFT_COMPILATION_MODE = wholemodule;
				SWIFT_OPTIMIZATION_LEVEL = "-O";
				VALIDATE_PRODUCT = YES;
			};
			name = Release;
		};
		64D149CD25BCA2BD00ACA836 /* Debug */ = {
			isa = XCBuildConfiguration;
			buildSettings = {
				ASSETCATALOG_COMPILER_APPICON_NAME = AppIcon;
				ASSETCATALOG_COMPILER_GLOBAL_ACCENT_COLOR_NAME = AccentColor;
				CODE_SIGN_STYLE = Automatic;
				INFOPLIST_FILE = Project_IOS/Info.plist;
				LD_RUNPATH_SEARCH_PATHS = (
					"$(inherited)",
					"@executable_path/Frameworks",
				);
				PRODUCT_BUNDLE_IDENTIFIER = "com.esgi.Project-IOS";
				PRODUCT_NAME = "$(TARGET_NAME)";
				SWIFT_VERSION = 5.0;
				TARGETED_DEVICE_FAMILY = "1,2";
			};
			name = Debug;
		};
		64D149CE25BCA2BD00ACA836 /* Release */ = {
			isa = XCBuildConfiguration;
			buildSettings = {
				ASSETCATALOG_COMPILER_APPICON_NAME = AppIcon;
				ASSETCATALOG_COMPILER_GLOBAL_ACCENT_COLOR_NAME = AccentColor;
				CODE_SIGN_STYLE = Automatic;
				INFOPLIST_FILE = Project_IOS/Info.plist;
				LD_RUNPATH_SEARCH_PATHS = (
					"$(inherited)",
					"@executable_path/Frameworks",
				);
				PRODUCT_BUNDLE_IDENTIFIER = "com.esgi.Project-IOS";
				PRODUCT_NAME = "$(TARGET_NAME)";
				SWIFT_VERSION = 5.0;
				TARGETED_DEVICE_FAMILY = "1,2";
			};
			name = Release;
		};
/* End XCBuildConfiguration section */

/* Begin XCConfigurationList section */
		64D149B325BCA2BC00ACA836 /* Build configuration list for PBXProject "Project_IOS" */ = {
			isa = XCConfigurationList;
			buildConfigurations = (
				64D149CA25BCA2BD00ACA836 /* Debug */,
				64D149CB25BCA2BD00ACA836 /* Release */,
			);
			defaultConfigurationIsVisible = 0;
			defaultConfigurationName = Release;
		};
		64D149CC25BCA2BD00ACA836 /* Build configuration list for PBXNativeTarget "Project_IOS" */ = {
			isa = XCConfigurationList;
			buildConfigurations = (
				64D149CD25BCA2BD00ACA836 /* Debug */,
				64D149CE25BCA2BD00ACA836 /* Release */,
			);
			defaultConfigurationIsVisible = 0;
			defaultConfigurationName = Release;
		};
/* End XCConfigurationList section */
	};
	rootObject = 64D149B025BCA2BC00ACA836 /* Project object */;
}
